{
  "name": "restaurant-reviews",
  "version": "0.0.0",
  "lockfileVersion": 1,
  "dependencies": {
    "idb": {
      "version": "2.1.1",
      "resolved": "https://registry.npmjs.org/idb/-/idb-2.1.1.tgz",
      "integrity": "sha512-IZNz4vBm2jL2BJ7pFJ2ej5ffaov738lbfcHpuPN5RU/jOZEXxiQJdDc9ZvdlYcrynlw5kl/N2UqkbERU/y9ViA=="
    }
  }
}
