{
  "name": "mws-restaurant-reviews",
  "version": "1.0.0",
  "lockfileVersion": 1,
  "requires": true,
  "dependencies": {
    "immediate": {
      "version": "3.0.6",
      "resolved": "https://registry.npmjs.org/immediate/-/immediate-3.0.6.tgz",
      "integrity": "sha1-nbHb0Pr43m++D13V5Wu2BigN5ps="
    },
    "lie": {
      "version": "3.1.1",
      "resolved": "https://registry.npmjs.org/lie/-/lie-3.1.1.tgz",
      "integrity": "sha1-mkNrLMd0bKWd56QfpGmz77dr2H4=",
      "requires": {
        "immediate": "3.0.6"
      }
    },
    "localforage": {
      "version": "1.6.0",
      "resolved": "https://registry.npmjs.org/localforage/-/localforage-1.6.0.tgz",
      "integrity": "sha1-iwBZvus4dcSBJChsp/2/I9UrjJc=",
      "requires": {
        "lie": "3.1.1"
      }
    }
  }
}
